
Microsoft Visual Studio Solution File, Format Version 12.00
# Visual Studio 14
VisualStudioVersion = 14.0.25420.1
MinimumVisualStudioVersion = 10.0.40219.1
Project("{F2A71F9B-5D33-465A-A702-920D77279786}") = "QuickSort", "QuickSort\QuickSort.fsproj", "{25ED4CF2-EF18-4CF1-9A27-865864ACC275}"
EndProject
Project("{FAE04EC0-301F-11D3-BF4B-00C04F79EFBC}") = "Snippets", "Snippets\Snippets.csproj", "{C0C535F7-6DA3-44C5-A731-4F6912193594}"
EndProject
Project("{FAE04EC0-301F-11D3-BF4B-00C04F79EFBC}") = "MemCrawler", "MemCrawler\MemCrawler.csproj", "{B8D19A16-5755-4609-97E3-70675C3D1F6D}"
EndProject
Project("{FAE04EC0-301F-11D3-BF4B-00C04F79EFBC}") = "CSharpFuncStructs", "CSharpFuncStructs\CSharpFuncStructs.csproj", "{D70667A4-F9A5-432A-98C6-7D1A477CB540}"
EndProject
Project("{F2A71F9B-5D33-465A-A702-920D77279786}") = "FSharpFuncStructs", "FSharpFuncStructs\FSharpFuncStructs.fsproj", "{7D21C016-F70F-4DFA-AE5F-8537712DC741}"
EndProject
Global
	GlobalSection(SolutionConfigurationPlatforms) = preSolution
		Debug|Any CPU = Debug|Any CPU
		Release|Any CPU = Release|Any CPU
	EndGlobalSection
	GlobalSection(ProjectConfigurationPlatforms) = postSolution
		{25ED4CF2-EF18-4CF1-9A27-865864ACC275}.Debug|Any CPU.ActiveCfg = Debug|Any CPU
		{25ED4CF2-EF18-4CF1-9A27-865864ACC275}.Debug|Any CPU.Build.0 = Debug|Any CPU
		{25ED4CF2-EF18-4CF1-9A27-865864ACC275}.Release|Any CPU.ActiveCfg = Release|Any CPU
		{25ED4CF2-EF18-4CF1-9A27-865864ACC275}.Release|Any CPU.Build.0 = Release|Any CPU
		{C0C535F7-6DA3-44C5-A731-4F6912193594}.Debug|Any CPU.ActiveCfg = Debug|Any CPU
		{C0C535F7-6DA3-44C5-A731-4F6912193594}.Debug|Any CPU.Build.0 = Debug|Any CPU
		{C0C535F7-6DA3-44C5-A731-4F6912193594}.Release|Any CPU.ActiveCfg = Release|Any CPU
		{C0C535F7-6DA3-44C5-A731-4F6912193594}.Release|Any CPU.Build.0 = Release|Any CPU
		{B8D19A16-5755-4609-97E3-70675C3D1F6D}.Debug|Any CPU.ActiveCfg = Debug|Any CPU
		{B8D19A16-5755-4609-97E3-70675C3D1F6D}.Debug|Any CPU.Build.0 = Debug|Any CPU
		{B8D19A16-5755-4609-97E3-70675C3D1F6D}.Release|Any CPU.ActiveCfg = Release|Any CPU
		{B8D19A16-5755-4609-97E3-70675C3D1F6D}.Release|Any CPU.Build.0 = Release|Any CPU
		{D70667A4-F9A5-432A-98C6-7D1A477CB540}.Debug|Any CPU.ActiveCfg = Debug|Any CPU
		{D70667A4-F9A5-432A-98C6-7D1A477CB540}.Debug|Any CPU.Build.0 = Debug|Any CPU
		{D70667A4-F9A5-432A-98C6-7D1A477CB540}.Release|Any CPU.ActiveCfg = Release|Any CPU
		{D70667A4-F9A5-432A-98C6-7D1A477CB540}.Release|Any CPU.Build.0 = Release|Any CPU
		{7D21C016-F70F-4DFA-AE5F-8537712DC741}.Debug|Any CPU.ActiveCfg = Debug|Any CPU
		{7D21C016-F70F-4DFA-AE5F-8537712DC741}.Debug|Any CPU.Build.0 = Debug|Any CPU
		{7D21C016-F70F-4DFA-AE5F-8537712DC741}.Release|Any CPU.ActiveCfg = Release|Any CPU
		{7D21C016-F70F-4DFA-AE5F-8537712DC741}.Release|Any CPU.Build.0 = Release|Any CPU
	EndGlobalSection
	GlobalSection(SolutionProperties) = preSolution
		HideSolutionNode = FALSE
	EndGlobalSection
EndGlobal
